
Microsoft Visual Studio Solution File, Format Version 12.00
# Visual Studio 15
VisualStudioVersion = 15.0.28307.168
MinimumVisualStudioVersion = 10.0.40219.1
Project("{262852C6-CD72-467D-83FE-5EEB1973A190}") = "week005", "week005\week005.jsproj", "{C105FB65-E564-411F-B1D1-B576943A52AE}"
EndProject
Global
	GlobalSection(SolutionConfigurationPlatforms) = preSolution
		Debug|Any CPU = Debug|Any CPU
		Debug|ARM = Debug|ARM
		Debug|ARM64 = Debug|ARM64
		Debug|x64 = Debug|x64
		Debug|x86 = Debug|x86
		Release|Any CPU = Release|Any CPU
		Release|ARM = Release|ARM
		Release|ARM64 = Release|ARM64
		Release|x64 = Release|x64
		Release|x86 = Release|x86
	EndGlobalSection
	GlobalSection(ProjectConfigurationPlatforms) = postSolution
		{C105FB65-E564-411F-B1D1-B576943A52AE}.Debug|Any CPU.ActiveCfg = Debug|Any CPU
		{C105FB65-E564-411F-B1D1-B576943A52AE}.Debug|Any CPU.Build.0 = Debug|Any CPU
		{C105FB65-E564-411F-B1D1-B576943A52AE}.Debug|Any CPU.Deploy.0 = Debug|Any CPU
		{C105FB65-E564-411F-B1D1-B576943A52AE}.Debug|ARM.ActiveCfg = Debug|ARM
		{C105FB65-E564-411F-B1D1-B576943A52AE}.Debug|ARM.Build.0 = Debug|ARM
		{C105FB65-E564-411F-B1D1-B576943A52AE}.Debug|ARM.Deploy.0 = Debug|ARM
		{C105FB65-E564-411F-B1D1-B576943A52AE}.Debug|ARM64.ActiveCfg = Debug|ARM64
		{C105FB65-E564-411F-B1D1-B576943A52AE}.Debug|ARM64.Build.0 = Debug|ARM64
		{C105FB65-E564-411F-B1D1-B576943A52AE}.Debug|ARM64.Deploy.0 = Debug|ARM64
		{C105FB65-E564-411F-B1D1-B576943A52AE}.Debug|x64.ActiveCfg = Debug|x64
		{C105FB65-E564-411F-B1D1-B576943A52AE}.Debug|x64.Build.0 = Debug|x64
		{C105FB65-E564-411F-B1D1-B576943A52AE}.Debug|x64.Deploy.0 = Debug|x64
		{C105FB65-E564-411F-B1D1-B576943A52AE}.Debug|x86.ActiveCfg = Debug|x86
		{C105FB65-E564-411F-B1D1-B576943A52AE}.Debug|x86.Build.0 = Debug|x86
		{C105FB65-E564-411F-B1D1-B576943A52AE}.Debug|x86.Deploy.0 = Debug|x86
		{C105FB65-E564-411F-B1D1-B576943A52AE}.Release|Any CPU.ActiveCfg = Release|Any CPU
		{C105FB65-E564-411F-B1D1-B576943A52AE}.Release|Any CPU.Build.0 = Release|Any CPU
		{C105FB65-E564-411F-B1D1-B576943A52AE}.Release|Any CPU.Deploy.0 = Release|Any CPU
		{C105FB65-E564-411F-B1D1-B576943A52AE}.Release|ARM.ActiveCfg = Release|ARM
		{C105FB65-E564-411F-B1D1-B576943A52AE}.Release|ARM.Build.0 = Release|ARM
		{C105FB65-E564-411F-B1D1-B576943A52AE}.Release|ARM.Deploy.0 = Release|ARM
		{C105FB65-E564-411F-B1D1-B576943A52AE}.Release|ARM64.ActiveCfg = Release|ARM64
		{C105FB65-E564-411F-B1D1-B576943A52AE}.Release|ARM64.Build.0 = Release|ARM64
		{C105FB65-E564-411F-B1D1-B576943A52AE}.Release|ARM64.Deploy.0 = Release|ARM64
		{C105FB65-E564-411F-B1D1-B576943A52AE}.Release|x64.ActiveCfg = Release|x64
		{C105FB65-E564-411F-B1D1-B576943A52AE}.Release|x64.Build.0 = Release|x64
		{C105FB65-E564-411F-B1D1-B576943A52AE}.Release|x64.Deploy.0 = Release|x64
		{C105FB65-E564-411F-B1D1-B576943A52AE}.Release|x86.ActiveCfg = Release|x86
		{C105FB65-E564-411F-B1D1-B576943A52AE}.Release|x86.Build.0 = Release|x86
		{C105FB65-E564-411F-B1D1-B576943A52AE}.Release|x86.Deploy.0 = Release|x86
	EndGlobalSection
	GlobalSection(SolutionProperties) = preSolution
		HideSolutionNode = FALSE
	EndGlobalSection
	GlobalSection(ExtensibilityGlobals) = postSolution
		SolutionGuid = {FA221E24-3E67-4D20-B759-E33738482D95}
	EndGlobalSection
EndGlobal
